// !$*UTF8*$!
{
	archiveVersion = 1;
	classes = {
	};
	objectVersion = 56;
	objects = {

/* Begin PBXBuildFile section */
		DFBE0B762BE601C400246814 /* Spon_UsApp.swift in Sources */ = {isa = PBXBuildFile; fileRef = DFBE0B752BE601C400246814 /* Spon_UsApp.swift */; };
		DFBE0B782BE601C400246814 /* ContentView.swift in Sources */ = {isa = PBXBuildFile; fileRef = DFBE0B772BE601C400246814 /* ContentView.swift */; };
		DFBE0B7A2BE601C500246814 /* Assets.xcassets in Resources */ = {isa = PBXBuildFile; fileRef = DFBE0B792BE601C500246814 /* Assets.xcassets */; };
		DFBE0B7D2BE601C500246814 /* Preview Assets.xcassets in Resources */ = {isa = PBXBuildFile; fileRef = DFBE0B7C2BE601C500246814 /* Preview Assets.xcassets */; };
		DFBE0B852BE60B4100246814 /* FontManager.swift in Sources */ = {isa = PBXBuildFile; fileRef = DFBE0B842BE60B4100246814 /* FontManager.swift */; };
		DFBE0B902BE61A4600246814 /* SUIT-Light.otf in Resources */ = {isa = PBXBuildFile; fileRef = DFBE0B882BE60F4C00246814 /* SUIT-Light.otf */; };
		DFBE0B912BE61A4800246814 /* SUIT-Regular.otf in Resources */ = {isa = PBXBuildFile; fileRef = DFBE0B8A2BE60F5C00246814 /* SUIT-Regular.otf */; };
		DFBE0B922BE61A4B00246814 /* SUIT-SemiBold.otf in Resources */ = {isa = PBXBuildFile; fileRef = DFBE0B8C2BE60F6600246814 /* SUIT-SemiBold.otf */; };
		DFBE0B942BE6227D00246814 /* ColorManager.swift in Sources */ = {isa = PBXBuildFile; fileRef = DFBE0B932BE6227D00246814 /* ColorManager.swift */; };
/* End PBXBuildFile section */

/* Begin PBXFileReference section */
		DFBE0B722BE601C400246814 /* Spon-Us.app */ = {isa = PBXFileReference; explicitFileType = wrapper.application; includeInIndex = 0; path = "Spon-Us.app"; sourceTree = BUILT_PRODUCTS_DIR; };
		DFBE0B752BE601C400246814 /* Spon_UsApp.swift */ = {isa = PBXFileReference; lastKnownFileType = sourcecode.swift; path = Spon_UsApp.swift; sourceTree = "<group>"; };
		DFBE0B772BE601C400246814 /* ContentView.swift */ = {isa = PBXFileReference; lastKnownFileType = sourcecode.swift; path = ContentView.swift; sourceTree = "<group>"; };
		DFBE0B792BE601C500246814 /* Assets.xcassets */ = {isa = PBXFileReference; lastKnownFileType = folder.assetcatalog; path = Assets.xcassets; sourceTree = "<group>"; };
		DFBE0B7C2BE601C500246814 /* Preview Assets.xcassets */ = {isa = PBXFileReference; lastKnownFileType = folder.assetcatalog; path = "Preview Assets.xcassets"; sourceTree = "<group>"; };
		DFBE0B842BE60B4100246814 /* FontManager.swift */ = {isa = PBXFileReference; lastKnownFileType = sourcecode.swift; path = FontManager.swift; sourceTree = "<group>"; };
		DFBE0B882BE60F4C00246814 /* SUIT-Light.otf */ = {isa = PBXFileReference; lastKnownFileType = file; path = "SUIT-Light.otf"; sourceTree = "<group>"; };
		DFBE0B8A2BE60F5C00246814 /* SUIT-Regular.otf */ = {isa = PBXFileReference; lastKnownFileType = file; path = "SUIT-Regular.otf"; sourceTree = "<group>"; };
		DFBE0B8C2BE60F6600246814 /* SUIT-SemiBold.otf */ = {isa = PBXFileReference; lastKnownFileType = file; path = "SUIT-SemiBold.otf"; sourceTree = "<group>"; };
		DFBE0B8E2BE6170E00246814 /* Info.plist */ = {isa = PBXFileReference; lastKnownFileType = text.plist; path = Info.plist; sourceTree = "<group>"; };
		DFBE0B932BE6227D00246814 /* ColorManager.swift */ = {isa = PBXFileReference; lastKnownFileType = sourcecode.swift; path = ColorManager.swift; sourceTree = "<group>"; };
/* End PBXFileReference section */

/* Begin PBXFrameworksBuildPhase section */
		DFBE0B6F2BE601C400246814 /* Frameworks */ = {
			isa = PBXFrameworksBuildPhase;
			buildActionMask = 2147483647;
			files = (
			);
			runOnlyForDeploymentPostprocessing = 0;
		};
/* End PBXFrameworksBuildPhase section */

/* Begin PBXGroup section */
		DFBE0B692BE601C400246814 = {
			isa = PBXGroup;
			children = (
				DFBE0B742BE601C400246814 /* Spon-Us */,
				DFBE0B732BE601C400246814 /* Products */,
			);
			sourceTree = "<group>";
		};
		DFBE0B732BE601C400246814 /* Products */ = {
			isa = PBXGroup;
			children = (
				DFBE0B722BE601C400246814 /* Spon-Us.app */,
			);
			name = Products;
			sourceTree = "<group>";
		};
		DFBE0B742BE601C400246814 /* Spon-Us */ = {
			isa = PBXGroup;
			children = (
				DFBE0B952BE6228100246814 /* Color */,
				DFBE0B832BE60B3500246814 /* Font */,
				DFBE0B752BE601C400246814 /* Spon_UsApp.swift */,
				DFBE0B772BE601C400246814 /* ContentView.swift */,
				DFBE0B8E2BE6170E00246814 /* Info.plist */,
				DFBE0B792BE601C500246814 /* Assets.xcassets */,
				DFBE0B7B2BE601C500246814 /* Preview Content */,
			);
			path = "Spon-Us";
			sourceTree = "<group>";
		};
		DFBE0B7B2BE601C500246814 /* Preview Content */ = {
			isa = PBXGroup;
			children = (
				DFBE0B7C2BE601C500246814 /* Preview Assets.xcassets */,
			);
			path = "Preview Content";
			sourceTree = "<group>";
		};
		DFBE0B832BE60B3500246814 /* Font */ = {
			isa = PBXGroup;
			children = (
				DFBE0B842BE60B4100246814 /* FontManager.swift */,
				DFBE0B882BE60F4C00246814 /* SUIT-Light.otf */,
				DFBE0B8A2BE60F5C00246814 /* SUIT-Regular.otf */,
				DFBE0B8C2BE60F6600246814 /* SUIT-SemiBold.otf */,
			);
			path = Font;
			sourceTree = "<group>";
		};
		DFBE0B952BE6228100246814 /* Color */ = {
			isa = PBXGroup;
			children = (
				DFBE0B932BE6227D00246814 /* ColorManager.swift */,
			);
			path = Color;
			sourceTree = "<group>";
		};
/* End PBXGroup section */

/* Begin PBXNativeTarget section */
		DFBE0B712BE601C400246814 /* Spon-Us */ = {
			isa = PBXNativeTarget;
			buildConfigurationList = DFBE0B802BE601C500246814 /* Build configuration list for PBXNativeTarget "Spon-Us" */;
			buildPhases = (
				DFBE0B6E2BE601C400246814 /* Sources */,
				DFBE0B6F2BE601C400246814 /* Frameworks */,
				DFBE0B702BE601C400246814 /* Resources */,
			);
			buildRules = (
			);
			dependencies = (
			);
			name = "Spon-Us";
			productName = "Spon-Us";
			productReference = DFBE0B722BE601C400246814 /* Spon-Us.app */;
			productType = "com.apple.product-type.application";
		};
/* End PBXNativeTarget section */

/* Begin PBXProject section */
		DFBE0B6A2BE601C400246814 /* Project object */ = {
			isa = PBXProject;
			attributes = {
				BuildIndependentTargetsInParallel = 1;
				LastSwiftUpdateCheck = 1520;
				LastUpgradeCheck = 1520;
				TargetAttributes = {
					DFBE0B712BE601C400246814 = {
						CreatedOnToolsVersion = 15.2;
					};
				};
			};
			buildConfigurationList = DFBE0B6D2BE601C400246814 /* Build configuration list for PBXProject "Spon-Us" */;
			compatibilityVersion = "Xcode 14.0";
			developmentRegion = en;
			hasScannedForEncodings = 0;
			knownRegions = (
				en,
				Base,
			);
			mainGroup = DFBE0B692BE601C400246814;
			productRefGroup = DFBE0B732BE601C400246814 /* Products */;
			projectDirPath = "";
			projectRoot = "";
			targets = (
				DFBE0B712BE601C400246814 /* Spon-Us */,
			);
		};
/* End PBXProject section */

/* Begin PBXResourcesBuildPhase section */
		DFBE0B702BE601C400246814 /* Resources */ = {
			isa = PBXResourcesBuildPhase;
			buildActionMask = 2147483647;
			files = (
				DFBE0B902BE61A4600246814 /* SUIT-Light.otf in Resources */,
				DFBE0B7D2BE601C500246814 /* Preview Assets.xcassets in Resources */,
				DFBE0B7A2BE601C500246814 /* Assets.xcassets in Resources */,
				DFBE0B922BE61A4B00246814 /* SUIT-SemiBold.otf in Resources */,
				DFBE0B912BE61A4800246814 /* SUIT-Regular.otf in Resources */,
			);
			runOnlyForDeploymentPostprocessing = 0;
		};
/* End PBXResourcesBuildPhase section */

/* Begin PBXSourcesBuildPhase section */
		DFBE0B6E2BE601C400246814 /* Sources */ = {
			isa = PBXSourcesBuildPhase;
			buildActionMask = 2147483647;
			files = (
				DFBE0B782BE601C400246814 /* ContentView.swift in Sources */,
				DFBE0B852BE60B4100246814 /* FontManager.swift in Sources */,
				DFBE0B762BE601C400246814 /* Spon_UsApp.swift in Sources */,
				DFBE0B942BE6227D00246814 /* ColorManager.swift in Sources */,
			);
			runOnlyForDeploymentPostprocessing = 0;
		};
/* End PBXSourcesBuildPhase section */

/* Begin XCBuildConfiguration section */
		DFBE0B7E2BE601C500246814 /* Debug */ = {
			isa = XCBuildConfiguration;
			buildSettings = {
				ALWAYS_SEARCH_USER_PATHS = NO;
				ASSETCATALOG_COMPILER_GENERATE_SWIFT_ASSET_SYMBOL_EXTENSIONS = YES;
				CLANG_ANALYZER_NONNULL = YES;
				CLANG_ANALYZER_NUMBER_OBJECT_CONVERSION = YES_AGGRESSIVE;
				CLANG_CXX_LANGUAGE_STANDARD = "gnu++20";
				CLANG_ENABLE_MODULES = YES;
				CLANG_ENABLE_OBJC_ARC = YES;
				CLANG_ENABLE_OBJC_WEAK = YES;
				CLANG_WARN_BLOCK_CAPTURE_AUTORELEASING = YES;
				CLANG_WARN_BOOL_CONVERSION = YES;
				CLANG_WARN_COMMA = YES;
				CLANG_WARN_CONSTANT_CONVERSION = YES;
				CLANG_WARN_DEPRECATED_OBJC_IMPLEMENTATIONS = YES;
				CLANG_WARN_DIRECT_OBJC_ISA_USAGE = YES_ERROR;
				CLANG_WARN_DOCUMENTATION_COMMENTS = YES;
				CLANG_WARN_EMPTY_BODY = YES;
				CLANG_WARN_ENUM_CONVERSION = YES;
				CLANG_WARN_INFINITE_RECURSION = YES;
				CLANG_WARN_INT_CONVERSION = YES;
				CLANG_WARN_NON_LITERAL_NULL_CONVERSION = YES;
				CLANG_WARN_OBJC_IMPLICIT_RETAIN_SELF = YES;
				CLANG_WARN_OBJC_LITERAL_CONVERSION = YES;
				CLANG_WARN_OBJC_ROOT_CLASS = YES_ERROR;
				CLANG_WARN_QUOTED_INCLUDE_IN_FRAMEWORK_HEADER = YES;
				CLANG_WARN_RANGE_LOOP_ANALYSIS = YES;
				CLANG_WARN_STRICT_PROTOTYPES = YES;
				CLANG_WARN_SUSPICIOUS_MOVE = YES;
				CLANG_WARN_UNGUARDED_AVAILABILITY = YES_AGGRESSIVE;
				CLANG_WARN_UNREACHABLE_CODE = YES;
				CLANG_WARN__DUPLICATE_METHOD_MATCH = YES;
				COPY_PHASE_STRIP = NO;
				DEBUG_INFORMATION_FORMAT = dwarf;
				ENABLE_STRICT_OBJC_MSGSEND = YES;
				ENABLE_TESTABILITY = YES;
				ENABLE_USER_SCRIPT_SANDBOXING = YES;
				GCC_C_LANGUAGE_STANDARD = gnu17;
				GCC_DYNAMIC_NO_PIC = NO;
				GCC_NO_COMMON_BLOCKS = YES;
				GCC_OPTIMIZATION_LEVEL = 0;
				GCC_PREPROCESSOR_DEFINITIONS = (
					"DEBUG=1",
					"$(inherited)",
				);
				GCC_WARN_64_TO_32_BIT_CONVERSION = YES;
				GCC_WARN_ABOUT_RETURN_TYPE = YES_ERROR;
				GCC_WARN_UNDECLARED_SELECTOR = YES;
				GCC_WARN_UNINITIALIZED_AUTOS = YES_AGGRESSIVE;
				GCC_WARN_UNUSED_FUNCTION = YES;
				GCC_WARN_UNUSED_VARIABLE = YES;
				IPHONEOS_DEPLOYMENT_TARGET = 17.2;
				LOCALIZATION_PREFERS_STRING_CATALOGS = YES;
				MTL_ENABLE_DEBUG_INFO = INCLUDE_SOURCE;
				MTL_FAST_MATH = YES;
				ONLY_ACTIVE_ARCH = YES;
				SDKROOT = iphoneos;
				SWIFT_ACTIVE_COMPILATION_CONDITIONS = "DEBUG $(inherited)";
				SWIFT_OPTIMIZATION_LEVEL = "-Onone";
			};
			name = Debug;
		};
		DFBE0B7F2BE601C500246814 /* Release */ = {
			isa = XCBuildConfiguration;
			buildSettings = {
				ALWAYS_SEARCH_USER_PATHS = NO;
				ASSETCATALOG_COMPILER_GENERATE_SWIFT_ASSET_SYMBOL_EXTENSIONS = YES;
				CLANG_ANALYZER_NONNULL = YES;
				CLANG_ANALYZER_NUMBER_OBJECT_CONVERSION = YES_AGGRESSIVE;
				CLANG_CXX_LANGUAGE_STANDARD = "gnu++20";
				CLANG_ENABLE_MODULES = YES;
				CLANG_ENABLE_OBJC_ARC = YES;
				CLANG_ENABLE_OBJC_WEAK = YES;
				CLANG_WARN_BLOCK_CAPTURE_AUTORELEASING = YES;
				CLANG_WARN_BOOL_CONVERSION = YES;
				CLANG_WARN_COMMA = YES;
				CLANG_WARN_CONSTANT_CONVERSION = YES;
				CLANG_WARN_DEPRECATED_OBJC_IMPLEMENTATIONS = YES;
				CLANG_WARN_DIRECT_OBJC_ISA_USAGE = YES_ERROR;
				CLANG_WARN_DOCUMENTATION_COMMENTS = YES;
				CLANG_WARN_EMPTY_BODY = YES;
				CLANG_WARN_ENUM_CONVERSION = YES;
				CLANG_WARN_INFINITE_RECURSION = YES;
				CLANG_WARN_INT_CONVERSION = YES;
				CLANG_WARN_NON_LITERAL_NULL_CONVERSION = YES;
				CLANG_WARN_OBJC_IMPLICIT_RETAIN_SELF = YES;
				CLANG_WARN_OBJC_LITERAL_CONVERSION = YES;
				CLANG_WARN_OBJC_ROOT_CLASS = YES_ERROR;
				CLANG_WARN_QUOTED_INCLUDE_IN_FRAMEWORK_HEADER = YES;
				CLANG_WARN_RANGE_LOOP_ANALYSIS = YES;
				CLANG_WARN_STRICT_PROTOTYPES = YES;
				CLANG_WARN_SUSPICIOUS_MOVE = YES;
				CLANG_WARN_UNGUARDED_AVAILABILITY = YES_AGGRESSIVE;
				CLANG_WARN_UNREACHABLE_CODE = YES;
				CLANG_WARN__DUPLICATE_METHOD_MATCH = YES;
				COPY_PHASE_STRIP = NO;
				DEBUG_INFORMATION_FORMAT = "dwarf-with-dsym";
				ENABLE_NS_ASSERTIONS = NO;
				ENABLE_STRICT_OBJC_MSGSEND = YES;
				ENABLE_USER_SCRIPT_SANDBOXING = YES;
				GCC_C_LANGUAGE_STANDARD = gnu17;
				GCC_NO_COMMON_BLOCKS = YES;
				GCC_WARN_64_TO_32_BIT_CONVERSION = YES;
				GCC_WARN_ABOUT_RETURN_TYPE = YES_ERROR;
				GCC_WARN_UNDECLARED_SELECTOR = YES;
				GCC_WARN_UNINITIALIZED_AUTOS = YES_AGGRESSIVE;
				GCC_WARN_UNUSED_FUNCTION = YES;
				GCC_WARN_UNUSED_VARIABLE = YES;
				IPHONEOS_DEPLOYMENT_TARGET = 17.2;
				LOCALIZATION_PREFERS_STRING_CATALOGS = YES;
				MTL_ENABLE_DEBUG_INFO = NO;
				MTL_FAST_MATH = YES;
				SDKROOT = iphoneos;
				SWIFT_COMPILATION_MODE = wholemodule;
				VALIDATE_PRODUCT = YES;
			};
			name = Release;
		};
		DFBE0B812BE601C500246814 /* Debug */ = {
			isa = XCBuildConfiguration;
			buildSettings = {
				ASSETCATALOG_COMPILER_APPICON_NAME = AppIcon;
				ASSETCATALOG_COMPILER_GLOBAL_ACCENT_COLOR_NAME = AccentColor;
				CODE_SIGN_STYLE = Automatic;
				CURRENT_PROJECT_VERSION = 1;
				DEVELOPMENT_ASSET_PATHS = "\"Spon-Us/Preview Content\"";
				DEVELOPMENT_TEAM = 6RUVHQW43D;
				ENABLE_PREVIEWS = YES;
				GENERATE_INFOPLIST_FILE = YES;
				INFOPLIST_FILE = "Spon-Us/Info.plist";
				INFOPLIST_KEY_UIApplicationSceneManifest_Generation = YES;
				INFOPLIST_KEY_UIApplicationSupportsIndirectInputEvents = YES;
				INFOPLIST_KEY_UILaunchScreen_Generation = YES;
				INFOPLIST_KEY_UISupportedInterfaceOrientations_iPad = "UIInterfaceOrientationPortrait UIInterfaceOrientationPortraitUpsideDown UIInterfaceOrientationLandscapeLeft UIInterfaceOrientationLandscapeRight";
				INFOPLIST_KEY_UISupportedInterfaceOrientations_iPhone = "UIInterfaceOrientationPortrait UIInterfaceOrientationLandscapeLeft UIInterfaceOrientationLandscapeRight";
				LD_RUNPATH_SEARCH_PATHS = (
					"$(inherited)",
					"@executable_path/Frameworks",
				);
				MARKETING_VERSION = 1.0;
				PRODUCT_BUNDLE_IDENTIFIER = "com.spon-us.Spon-Us";
				PRODUCT_NAME = "$(TARGET_NAME)";
				SWIFT_EMIT_LOC_STRINGS = YES;
				SWIFT_VERSION = 5.0;
				TARGETED_DEVICE_FAMILY = "1,2";
			};
			name = Debug;
		};
		DFBE0B822BE601C500246814 /* Release */ = {
			isa = XCBuildConfiguration;
			buildSettings = {
				ASSETCATALOG_COMPILER_APPICON_NAME = AppIcon;
				ASSETCATALOG_COMPILER_GLOBAL_ACCENT_COLOR_NAME = AccentColor;
				CODE_SIGN_STYLE = Automatic;
				CURRENT_PROJECT_VERSION = 1;
				DEVELOPMENT_ASSET_PATHS = "\"Spon-Us/Preview Content\"";
				DEVELOPMENT_TEAM = 6RUVHQW43D;
				ENABLE_PREVIEWS = YES;
				GENERATE_INFOPLIST_FILE = YES;
				INFOPLIST_FILE = "Spon-Us/Info.plist";
				INFOPLIST_KEY_UIApplicationSceneManifest_Generation = YES;
				INFOPLIST_KEY_UIApplicationSupportsIndirectInputEvents = YES;
				INFOPLIST_KEY_UILaunchScreen_Generation = YES;
				INFOPLIST_KEY_UISupportedInterfaceOrientations_iPad = "UIInterfaceOrientationPortrait UIInterfaceOrientationPortraitUpsideDown UIInterfaceOrientationLandscapeLeft UIInterfaceOrientationLandscapeRight";
				INFOPLIST_KEY_UISupportedInterfaceOrientations_iPhone = "UIInterfaceOrientationPortrait UIInterfaceOrientationLandscapeLeft UIInterfaceOrientationLandscapeRight";
				LD_RUNPATH_SEARCH_PATHS = (
					"$(inherited)",
					"@executable_path/Frameworks",
				);
				MARKETING_VERSION = 1.0;
				PRODUCT_BUNDLE_IDENTIFIER = "com.spon-us.Spon-Us";
				PRODUCT_NAME = "$(TARGET_NAME)";
				SWIFT_EMIT_LOC_STRINGS = YES;
				SWIFT_VERSION = 5.0;
				TARGETED_DEVICE_FAMILY = "1,2";
			};
			name = Release;
		};
/* End XCBuildConfiguration section */

/* Begin XCConfigurationList section */
		DFBE0B6D2BE601C400246814 /* Build configuration list for PBXProject "Spon-Us" */ = {
			isa = XCConfigurationList;
			buildConfigurations = (
				DFBE0B7E2BE601C500246814 /* Debug */,
				DFBE0B7F2BE601C500246814 /* Release */,
			);
			defaultConfigurationIsVisible = 0;
			defaultConfigurationName = Release;
		};
		DFBE0B802BE601C500246814 /* Build configuration list for PBXNativeTarget "Spon-Us" */ = {
			isa = XCConfigurationList;
			buildConfigurations = (
				DFBE0B812BE601C500246814 /* Debug */,
				DFBE0B822BE601C500246814 /* Release */,
			);
			defaultConfigurationIsVisible = 0;
			defaultConfigurationName = Release;
		};
/* End XCConfigurationList section */
	};
	rootObject = DFBE0B6A2BE601C400246814 /* Project object */;
}
